// !$*UTF8*$!
{
	archiveVersion = 1;
	classes = {
	};
	objectVersion = 46;
	objects = {

/* Begin PBXBuildFile section */
		953D32501A9B6AFD0010259C /* ColorsViewController.swift in Sources */ = {isa = PBXBuildFile; fileRef = 953D324F1A9B6AFD0010259C /* ColorsViewController.swift */; };
		953D32521A9B72E00010259C /* CrayonBox.swift in Sources */ = {isa = PBXBuildFile; fileRef = 953D32511A9B72E00010259C /* CrayonBox.swift */; };
		953D32541A9B796B0010259C /* BackgroundViewController.swift in Sources */ = {isa = PBXBuildFile; fileRef = 953D32531A9B796B0010259C /* BackgroundViewController.swift */; };
		956B1D5D1A94FC8C00E5E786 /* AppDelegate.swift in Sources */ = {isa = PBXBuildFile; fileRef = 956B1D5C1A94FC8C00E5E786 /* AppDelegate.swift */; };
		956B1D621A94FC8C00E5E786 /* Main.storyboard in Resources */ = {isa = PBXBuildFile; fileRef = 956B1D601A94FC8C00E5E786 /* Main.storyboard */; };
		956B1D641A94FC8C00E5E786 /* Images.xcassets in Resources */ = {isa = PBXBuildFile; fileRef = 956B1D631A94FC8C00E5E786 /* Images.xcassets */; };
		956B1D671A94FC8C00E5E786 /* LaunchScreen.xib in Resources */ = {isa = PBXBuildFile; fileRef = 956B1D651A94FC8C00E5E786 /* LaunchScreen.xib */; };
		956B1D731A94FC8C00E5E786 /* DrextTests.swift in Sources */ = {isa = PBXBuildFile; fileRef = 956B1D721A94FC8C00E5E786 /* DrextTests.swift */; };
		956B1D7D1A94FE9500E5E786 /* MainViewController.swift in Sources */ = {isa = PBXBuildFile; fileRef = 956B1D7C1A94FE9500E5E786 /* MainViewController.swift */; };
		956B1D7F1A94FEB700E5E786 /* Line.swift in Sources */ = {isa = PBXBuildFile; fileRef = 956B1D7E1A94FEB700E5E786 /* Line.swift */; };
		956B1D811A94FF3900E5E786 /* DrawView.swift in Sources */ = {isa = PBXBuildFile; fileRef = 956B1D801A94FF3900E5E786 /* DrawView.swift */; };
		956B1D851A957E5000E5E786 /* iAd.framework in Frameworks */ = {isa = PBXBuildFile; fileRef = 956B1D841A957E5000E5E786 /* iAd.framework */; };
		956B1D891A96549000E5E786 /* BrushesViewController.swift in Sources */ = {isa = PBXBuildFile; fileRef = 956B1D881A96549000E5E786 /* BrushesViewController.swift */; };
		956B1D8B1A965AFF00E5E786 /* Color.swift in Sources */ = {isa = PBXBuildFile; fileRef = 956B1D8A1A965AFF00E5E786 /* Color.swift */; };
		956B1D8F1A9666E000E5E786 /* StoreKit.framework in Frameworks */ = {isa = PBXBuildFile; fileRef = 956B1D8E1A9666E000E5E786 /* StoreKit.framework */; };
		95A4AEC01AAA010200EB7705 /* Settings.bundle in Resources */ = {isa = PBXBuildFile; fileRef = 95A4AEBF1AAA010200EB7705 /* Settings.bundle */; };
		95B076BC1A97E41200594712 /* InAppHelper.swift in Sources */ = {isa = PBXBuildFile; fileRef = 95B076BB1A97E41200594712 /* InAppHelper.swift */; };
/* End PBXBuildFile section */

/* Begin PBXContainerItemProxy section */
		956B1D6D1A94FC8C00E5E786 /* PBXContainerItemProxy */ = {
			isa = PBXContainerItemProxy;
			containerPortal = 956B1D4F1A94FC8C00E5E786 /* Project object */;
			proxyType = 1;
			remoteGlobalIDString = 956B1D561A94FC8C00E5E786;
			remoteInfo = Drext;
		};
/* End PBXContainerItemProxy section */

/* Begin PBXFileReference section */
		953D324F1A9B6AFD0010259C /* ColorsViewController.swift */ = {isa = PBXFileReference; fileEncoding = 4; lastKnownFileType = sourcecode.swift; path = ColorsViewController.swift; sourceTree = "<group>"; };
		953D32511A9B72E00010259C /* CrayonBox.swift */ = {isa = PBXFileReference; fileEncoding = 4; lastKnownFileType = sourcecode.swift; path = CrayonBox.swift; sourceTree = "<group>"; };
		953D32531A9B796B0010259C /* BackgroundViewController.swift */ = {isa = PBXFileReference; fileEncoding = 4; lastKnownFileType = sourcecode.swift; path = BackgroundViewController.swift; sourceTree = "<group>"; };
		956B1D571A94FC8C00E5E786 /* Drext.app */ = {isa = PBXFileReference; explicitFileType = wrapper.application; includeInIndex = 0; path = Drext.app; sourceTree = BUILT_PRODUCTS_DIR; };
		956B1D5B1A94FC8C00E5E786 /* Info.plist */ = {isa = PBXFileReference; lastKnownFileType = text.plist.xml; path = Info.plist; sourceTree = "<group>"; };
		956B1D5C1A94FC8C00E5E786 /* AppDelegate.swift */ = {isa = PBXFileReference; lastKnownFileType = sourcecode.swift; path = AppDelegate.swift; sourceTree = "<group>"; };
		956B1D611A94FC8C00E5E786 /* Base */ = {isa = PBXFileReference; lastKnownFileType = file.storyboard; name = Base; path = Base.lproj/Main.storyboard; sourceTree = "<group>"; };
		956B1D631A94FC8C00E5E786 /* Images.xcassets */ = {isa = PBXFileReference; lastKnownFileType = folder.assetcatalog; path = Images.xcassets; sourceTree = "<group>"; };
		956B1D661A94FC8C00E5E786 /* Base */ = {isa = PBXFileReference; lastKnownFileType = file.xib; name = Base; path = Base.lproj/LaunchScreen.xib; sourceTree = "<group>"; };
		956B1D6C1A94FC8C00E5E786 /* DrextTests.xctest */ = {isa = PBXFileReference; explicitFileType = wrapper.cfbundle; includeInIndex = 0; path = DrextTests.xctest; sourceTree = BUILT_PRODUCTS_DIR; };
		956B1D711A94FC8C00E5E786 /* Info.plist */ = {isa = PBXFileReference; lastKnownFileType = text.plist.xml; path = Info.plist; sourceTree = "<group>"; };
		956B1D721A94FC8C00E5E786 /* DrextTests.swift */ = {isa = PBXFileReference; lastKnownFileType = sourcecode.swift; path = DrextTests.swift; sourceTree = "<group>"; };
		956B1D7C1A94FE9500E5E786 /* MainViewController.swift */ = {isa = PBXFileReference; fileEncoding = 4; lastKnownFileType = sourcecode.swift; path = MainViewController.swift; sourceTree = "<group>"; };
		956B1D7E1A94FEB700E5E786 /* Line.swift */ = {isa = PBXFileReference; fileEncoding = 4; lastKnownFileType = sourcecode.swift; path = Line.swift; sourceTree = "<group>"; };
		956B1D801A94FF3900E5E786 /* DrawView.swift */ = {isa = PBXFileReference; fileEncoding = 4; lastKnownFileType = sourcecode.swift; path = DrawView.swift; sourceTree = "<group>"; };
		956B1D841A957E5000E5E786 /* iAd.framework */ = {isa = PBXFileReference; lastKnownFileType = wrapper.framework; name = iAd.framework; path = System/Library/Frameworks/iAd.framework; sourceTree = SDKROOT; };
		956B1D881A96549000E5E786 /* BrushesViewController.swift */ = {isa = PBXFileReference; fileEncoding = 4; lastKnownFileType = sourcecode.swift; path = BrushesViewController.swift; sourceTree = "<group>"; };
		956B1D8A1A965AFF00E5E786 /* Color.swift */ = {isa = PBXFileReference; fileEncoding = 4; lastKnownFileType = sourcecode.swift; path = Color.swift; sourceTree = "<group>"; };
		956B1D8E1A9666E000E5E786 /* StoreKit.framework */ = {isa = PBXFileReference; lastKnownFileType = wrapper.framework; name = StoreKit.framework; path = System/Library/Frameworks/StoreKit.framework; sourceTree = SDKROOT; };
		95A4AEBF1AAA010200EB7705 /* Settings.bundle */ = {isa = PBXFileReference; lastKnownFileType = "wrapper.plug-in"; path = Settings.bundle; sourceTree = "<group>"; };
		95B076BB1A97E41200594712 /* InAppHelper.swift */ = {isa = PBXFileReference; fileEncoding = 4; lastKnownFileType = sourcecode.swift; path = InAppHelper.swift; sourceTree = "<group>"; };
/* End PBXFileReference section */

/* Begin PBXFrameworksBuildPhase section */
		956B1D541A94FC8C00E5E786 /* Frameworks */ = {
			isa = PBXFrameworksBuildPhase;
			buildActionMask = 2147483647;
			files = (
				956B1D851A957E5000E5E786 /* iAd.framework in Frameworks */,
				956B1D8F1A9666E000E5E786 /* StoreKit.framework in Frameworks */,
			);
			runOnlyForDeploymentPostprocessing = 0;
		};
		956B1D691A94FC8C00E5E786 /* Frameworks */ = {
			isa = PBXFrameworksBuildPhase;
			buildActionMask = 2147483647;
			files = (
			);
			runOnlyForDeploymentPostprocessing = 0;
		};
/* End PBXFrameworksBuildPhase section */

/* Begin PBXGroup section */
		956B1D4E1A94FC8C00E5E786 = {
			isa = PBXGroup;
			children = (
				956B1D591A94FC8C00E5E786 /* Drext */,
				956B1D6F1A94FC8C00E5E786 /* DrextTests */,
				958DA8E21A97C1F8009F202B /* Frameworks */,
				956B1D581A94FC8C00E5E786 /* Products */,
			);
			sourceTree = "<group>";
		};
		956B1D581A94FC8C00E5E786 /* Products */ = {
			isa = PBXGroup;
			children = (
				956B1D571A94FC8C00E5E786 /* Drext.app */,
				956B1D6C1A94FC8C00E5E786 /* DrextTests.xctest */,
			);
			name = Products;
			sourceTree = "<group>";
		};
		956B1D591A94FC8C00E5E786 /* Drext */ = {
			isa = PBXGroup;
			children = (
				956B1D5C1A94FC8C00E5E786 /* AppDelegate.swift */,
				953D32531A9B796B0010259C /* BackgroundViewController.swift */,
				956B1D881A96549000E5E786 /* BrushesViewController.swift */,
				956B1D8A1A965AFF00E5E786 /* Color.swift */,
				953D324F1A9B6AFD0010259C /* ColorsViewController.swift */,
				953D32511A9B72E00010259C /* CrayonBox.swift */,
				956B1D801A94FF3900E5E786 /* DrawView.swift */,
				956B1D631A94FC8C00E5E786 /* Images.xcassets */,
				95B076BB1A97E41200594712 /* InAppHelper.swift */,
				956B1D651A94FC8C00E5E786 /* LaunchScreen.xib */,
				956B1D7E1A94FEB700E5E786 /* Line.swift */,
				956B1D601A94FC8C00E5E786 /* Main.storyboard */,
				956B1D7C1A94FE9500E5E786 /* MainViewController.swift */,
				956B1D5A1A94FC8C00E5E786 /* Supporting Files */,
				95A4AEBF1AAA010200EB7705 /* Settings.bundle */,
			);
			path = Drext;
			sourceTree = "<group>";
		};
		956B1D5A1A94FC8C00E5E786 /* Supporting Files */ = {
			isa = PBXGroup;
			children = (
				956B1D5B1A94FC8C00E5E786 /* Info.plist */,
			);
			name = "Supporting Files";
			sourceTree = "<group>";
		};
		956B1D6F1A94FC8C00E5E786 /* DrextTests */ = {
			isa = PBXGroup;
			children = (
				956B1D721A94FC8C00E5E786 /* DrextTests.swift */,
				956B1D701A94FC8C00E5E786 /* Supporting Files */,
			);
			path = DrextTests;
			sourceTree = "<group>";
		};
		956B1D701A94FC8C00E5E786 /* Supporting Files */ = {
			isa = PBXGroup;
			children = (
				956B1D711A94FC8C00E5E786 /* Info.plist */,
			);
			name = "Supporting Files";
			sourceTree = "<group>";
		};
		958DA8E21A97C1F8009F202B /* Frameworks */ = {
			isa = PBXGroup;
			children = (
				956B1D8E1A9666E000E5E786 /* StoreKit.framework */,
				956B1D841A957E5000E5E786 /* iAd.framework */,
			);
			name = Frameworks;
			sourceTree = "<group>";
		};
/* End PBXGroup section */

/* Begin PBXNativeTarget section */
		956B1D561A94FC8C00E5E786 /* Drext */ = {
			isa = PBXNativeTarget;
			buildConfigurationList = 956B1D761A94FC8C00E5E786 /* Build configuration list for PBXNativeTarget "Drext" */;
			buildPhases = (
				956B1D531A94FC8C00E5E786 /* Sources */,
				956B1D541A94FC8C00E5E786 /* Frameworks */,
				956B1D551A94FC8C00E5E786 /* Resources */,
			);
			buildRules = (
			);
			dependencies = (
			);
			name = Drext;
			productName = Drext;
			productReference = 956B1D571A94FC8C00E5E786 /* Drext.app */;
			productType = "com.apple.product-type.application";
		};
		956B1D6B1A94FC8C00E5E786 /* DrextTests */ = {
			isa = PBXNativeTarget;
			buildConfigurationList = 956B1D791A94FC8C00E5E786 /* Build configuration list for PBXNativeTarget "DrextTests" */;
			buildPhases = (
				956B1D681A94FC8C00E5E786 /* Sources */,
				956B1D691A94FC8C00E5E786 /* Frameworks */,
				956B1D6A1A94FC8C00E5E786 /* Resources */,
			);
			buildRules = (
			);
			dependencies = (
				956B1D6E1A94FC8C00E5E786 /* PBXTargetDependency */,
			);
			name = DrextTests;
			productName = DrextTests;
			productReference = 956B1D6C1A94FC8C00E5E786 /* DrextTests.xctest */;
			productType = "com.apple.product-type.bundle.unit-test";
		};
/* End PBXNativeTarget section */

/* Begin PBXProject section */
		956B1D4F1A94FC8C00E5E786 /* Project object */ = {
			isa = PBXProject;
			attributes = {
				LastUpgradeCheck = 0610;
				ORGANIZATIONNAME = "Christopher Manciero";
				TargetAttributes = {
					956B1D561A94FC8C00E5E786 = {
						CreatedOnToolsVersion = 6.1.1;
						DevelopmentTeam = YZSE9EKZ5C;
						SystemCapabilities = {
							com.apple.InAppPurchase = {
								enabled = 1;
							};
						};
					};
					956B1D6B1A94FC8C00E5E786 = {
						CreatedOnToolsVersion = 6.1.1;
						TestTargetID = 956B1D561A94FC8C00E5E786;
					};
				};
			};
			buildConfigurationList = 956B1D521A94FC8C00E5E786 /* Build configuration list for PBXProject "Drext" */;
			compatibilityVersion = "Xcode 3.2";
			developmentRegion = English;
			hasScannedForEncodings = 0;
			knownRegions = (
				en,
				Base,
				he,
			);
			mainGroup = 956B1D4E1A94FC8C00E5E786;
			productRefGroup = 956B1D581A94FC8C00E5E786 /* Products */;
			projectDirPath = "";
			projectRoot = "";
			targets = (
				956B1D561A94FC8C00E5E786 /* Drext */,
				956B1D6B1A94FC8C00E5E786 /* DrextTests */,
			);
		};
/* End PBXProject section */

/* Begin PBXResourcesBuildPhase section */
		956B1D551A94FC8C00E5E786 /* Resources */ = {
			isa = PBXResourcesBuildPhase;
			buildActionMask = 2147483647;
			files = (
				95A4AEC01AAA010200EB7705 /* Settings.bundle in Resources */,
				956B1D621A94FC8C00E5E786 /* Main.storyboard in Resources */,
				956B1D671A94FC8C00E5E786 /* LaunchScreen.xib in Resources */,
				956B1D641A94FC8C00E5E786 /* Images.xcassets in Resources */,
			);
			runOnlyForDeploymentPostprocessing = 0;
		};
		956B1D6A1A94FC8C00E5E786 /* Resources */ = {
			isa = PBXResourcesBuildPhase;
			buildActionMask = 2147483647;
			files = (
			);
			runOnlyForDeploymentPostprocessing = 0;
		};
/* End PBXResourcesBuildPhase section */

/* Begin PBXSourcesBuildPhase section */
		956B1D531A94FC8C00E5E786 /* Sources */ = {
			isa = PBXSourcesBuildPhase;
			buildActionMask = 2147483647;
			files = (
				956B1D891A96549000E5E786 /* BrushesViewController.swift in Sources */,
				956B1D8B1A965AFF00E5E786 /* Color.swift in Sources */,
				953D32501A9B6AFD0010259C /* ColorsViewController.swift in Sources */,
				956B1D7F1A94FEB700E5E786 /* Line.swift in Sources */,
				956B1D7D1A94FE9500E5E786 /* MainViewController.swift in Sources */,
				956B1D811A94FF3900E5E786 /* DrawView.swift in Sources */,
				956B1D5D1A94FC8C00E5E786 /* AppDelegate.swift in Sources */,
				953D32541A9B796B0010259C /* BackgroundViewController.swift in Sources */,
				95B076BC1A97E41200594712 /* InAppHelper.swift in Sources */,
				953D32521A9B72E00010259C /* CrayonBox.swift in Sources */,
			);
			runOnlyForDeploymentPostprocessing = 0;
		};
		956B1D681A94FC8C00E5E786 /* Sources */ = {
			isa = PBXSourcesBuildPhase;
			buildActionMask = 2147483647;
			files = (
				956B1D731A94FC8C00E5E786 /* DrextTests.swift in Sources */,
			);
			runOnlyForDeploymentPostprocessing = 0;
		};
/* End PBXSourcesBuildPhase section */

/* Begin PBXTargetDependency section */
		956B1D6E1A94FC8C00E5E786 /* PBXTargetDependency */ = {
			isa = PBXTargetDependency;
			target = 956B1D561A94FC8C00E5E786 /* Drext */;
			targetProxy = 956B1D6D1A94FC8C00E5E786 /* PBXContainerItemProxy */;
		};
/* End PBXTargetDependency section */

/* Begin PBXVariantGroup section */
		956B1D601A94FC8C00E5E786 /* Main.storyboard */ = {
			isa = PBXVariantGroup;
			children = (
				956B1D611A94FC8C00E5E786 /* Base */,
			);
			name = Main.storyboard;
			sourceTree = "<group>";
		};
		956B1D651A94FC8C00E5E786 /* LaunchScreen.xib */ = {
			isa = PBXVariantGroup;
			children = (
				956B1D661A94FC8C00E5E786 /* Base */,
			);
			name = LaunchScreen.xib;
			sourceTree = "<group>";
		};
/* End PBXVariantGroup section */

/* Begin XCBuildConfiguration section */
		956B1D741A94FC8C00E5E786 /* Debug */ = {
			isa = XCBuildConfiguration;
			buildSettings = {
				ALWAYS_SEARCH_USER_PATHS = NO;
				CLANG_CXX_LANGUAGE_STANDARD = "gnu++0x";
				CLANG_CXX_LIBRARY = "libc++";
				CLANG_ENABLE_MODULES = YES;
				CLANG_ENABLE_OBJC_ARC = YES;
				CLANG_WARN_BOOL_CONVERSION = YES;
				CLANG_WARN_CONSTANT_CONVERSION = YES;
				CLANG_WARN_DIRECT_OBJC_ISA_USAGE = YES_ERROR;
				CLANG_WARN_EMPTY_BODY = YES;
				CLANG_WARN_ENUM_CONVERSION = YES;
				CLANG_WARN_INT_CONVERSION = YES;
				CLANG_WARN_OBJC_ROOT_CLASS = YES_ERROR;
				CLANG_WARN_UNREACHABLE_CODE = YES;
				CLANG_WARN__DUPLICATE_METHOD_MATCH = YES;
				"CODE_SIGN_IDENTITY[sdk=iphoneos*]" = "iPhone Developer";
				COPY_PHASE_STRIP = NO;
				ENABLE_STRICT_OBJC_MSGSEND = YES;
				GCC_C_LANGUAGE_STANDARD = gnu99;
				GCC_DYNAMIC_NO_PIC = NO;
				GCC_OPTIMIZATION_LEVEL = 0;
				GCC_PREPROCESSOR_DEFINITIONS = (
					"DEBUG=1",
					"$(inherited)",
				);
				GCC_SYMBOLS_PRIVATE_EXTERN = NO;
				GCC_WARN_64_TO_32_BIT_CONVERSION = YES;
				GCC_WARN_ABOUT_RETURN_TYPE = YES_ERROR;
				GCC_WARN_UNDECLARED_SELECTOR = YES;
				GCC_WARN_UNINITIALIZED_AUTOS = YES_AGGRESSIVE;
				GCC_WARN_UNUSED_FUNCTION = YES;
				GCC_WARN_UNUSED_VARIABLE = YES;
				IPHONEOS_DEPLOYMENT_TARGET = 8.1;
				MTL_ENABLE_DEBUG_INFO = YES;
				ONLY_ACTIVE_ARCH = YES;
				SDKROOT = iphoneos;
				SWIFT_OPTIMIZATION_LEVEL = "-Onone";
			};
			name = Debug;
		};
		956B1D751A94FC8C00E5E786 /* Release */ = {
			isa = XCBuildConfiguration;
			buildSettings = {
				ALWAYS_SEARCH_USER_PATHS = NO;
				CLANG_CXX_LANGUAGE_STANDARD = "gnu++0x";
				CLANG_CXX_LIBRARY = "libc++";
				CLANG_ENABLE_MODULES = YES;
				CLANG_ENABLE_OBJC_ARC = YES;
				CLANG_WARN_BOOL_CONVERSION = YES;
				CLANG_WARN_CONSTANT_CONVERSION = YES;
				CLANG_WARN_DIRECT_OBJC_ISA_USAGE = YES_ERROR;
				CLANG_WARN_EMPTY_BODY = YES;
				CLANG_WARN_ENUM_CONVERSION = YES;
				CLANG_WARN_INT_CONVERSION = YES;
				CLANG_WARN_OBJC_ROOT_CLASS = YES_ERROR;
				CLANG_WARN_UNREACHABLE_CODE = YES;
				CLANG_WARN__DUPLICATE_METHOD_MATCH = YES;
				"CODE_SIGN_IDENTITY[sdk=iphoneos*]" = "iPhone Developer";
				COPY_PHASE_STRIP = YES;
				ENABLE_NS_ASSERTIONS = NO;
				ENABLE_STRICT_OBJC_MSGSEND = YES;
				GCC_C_LANGUAGE_STANDARD = gnu99;
				GCC_WARN_64_TO_32_BIT_CONVERSION = YES;
				GCC_WARN_ABOUT_RETURN_TYPE = YES_ERROR;
				GCC_WARN_UNDECLARED_SELECTOR = YES;
				GCC_WARN_UNINITIALIZED_AUTOS = YES_AGGRESSIVE;
				GCC_WARN_UNUSED_FUNCTION = YES;
				GCC_WARN_UNUSED_VARIABLE = YES;
				IPHONEOS_DEPLOYMENT_TARGET = 8.1;
				MTL_ENABLE_DEBUG_INFO = NO;
				SDKROOT = iphoneos;
				VALIDATE_PRODUCT = YES;
			};
			name = Release;
		};
		956B1D771A94FC8C00E5E786 /* Debug */ = {
			isa = XCBuildConfiguration;
			buildSettings = {
				ASSETCATALOG_COMPILER_APPICON_NAME = AppIcon;
				CODE_SIGN_IDENTITY = "iPhone Developer";
				"CODE_SIGN_IDENTITY[sdk=iphoneos*]" = "iPhone Developer";
				FRAMEWORK_SEARCH_PATHS = (
					"$(inherited)",
					/Users/i814935/Documents/FacebookSDK,
				);
				INFOPLIST_FILE = Drext/Info.plist;
				LD_RUNPATH_SEARCH_PATHS = "$(inherited) @executable_path/Frameworks";
				PRODUCT_NAME = "$(TARGET_NAME)";
				PROVISIONING_PROFILE = "";
			};
			name = Debug;
		};
		956B1D781A94FC8C00E5E786 /* Release */ = {
			isa = XCBuildConfiguration;
			buildSettings = {
				ASSETCATALOG_COMPILER_APPICON_NAME = AppIcon;
				CODE_SIGN_IDENTITY = "iPhone Developer";
				"CODE_SIGN_IDENTITY[sdk=iphoneos*]" = "iPhone Developer";
				FRAMEWORK_SEARCH_PATHS = (
					"$(inherited)",
					/Users/i814935/Documents/FacebookSDK,
				);
				INFOPLIST_FILE = Drext/Info.plist;
				LD_RUNPATH_SEARCH_PATHS = "$(inherited) @executable_path/Frameworks";
				PRODUCT_NAME = "$(TARGET_NAME)";
				PROVISIONING_PROFILE = "";
			};
			name = Release;
		};
		956B1D7A1A94FC8C00E5E786 /* Debug */ = {
			isa = XCBuildConfiguration;
			buildSettings = {
				BUNDLE_LOADER = "$(TEST_HOST)";
				FRAMEWORK_SEARCH_PATHS = (
					"$(SDKROOT)/Developer/Library/Frameworks",
					"$(inherited)",
				);
				GCC_PREPROCESSOR_DEFINITIONS = (
					"DEBUG=1",
					"$(inherited)",
				);
				INFOPLIST_FILE = DrextTests/Info.plist;
				LD_RUNPATH_SEARCH_PATHS = "$(inherited) @executable_path/Frameworks @loader_path/Frameworks";
				PRODUCT_NAME = "$(TARGET_NAME)";
				TEST_HOST = "$(BUILT_PRODUCTS_DIR)/Drext.app/Drext";
			};
			name = Debug;
		};
		956B1D7B1A94FC8C00E5E786 /* Release */ = {
			isa = XCBuildConfiguration;
			buildSettings = {
				BUNDLE_LOADER = "$(TEST_HOST)";
				FRAMEWORK_SEARCH_PATHS = (
					"$(SDKROOT)/Developer/Library/Frameworks",
					"$(inherited)",
				);
				INFOPLIST_FILE = DrextTests/Info.plist;
				LD_RUNPATH_SEARCH_PATHS = "$(inherited) @executable_path/Frameworks @loader_path/Frameworks";
				PRODUCT_NAME = "$(TARGET_NAME)";
				TEST_HOST = "$(BUILT_PRODUCTS_DIR)/Drext.app/Drext";
			};
			name = Release;
		};
/* End XCBuildConfiguration section */

/* Begin XCConfigurationList section */
		956B1D521A94FC8C00E5E786 /* Build configuration list for PBXProject "Drext" */ = {
			isa = XCConfigurationList;
			buildConfigurations = (
				956B1D741A94FC8C00E5E786 /* Debug */,
				956B1D751A94FC8C00E5E786 /* Release */,
			);
			defaultConfigurationIsVisible = 0;
			defaultConfigurationName = Release;
		};
		956B1D761A94FC8C00E5E786 /* Build configuration list for PBXNativeTarget "Drext" */ = {
			isa = XCConfigurationList;
			buildConfigurations = (
				956B1D771A94FC8C00E5E786 /* Debug */,
				956B1D781A94FC8C00E5E786 /* Release */,
			);
			defaultConfigurationIsVisible = 0;
			defaultConfigurationName = Release;
		};
		956B1D791A94FC8C00E5E786 /* Build configuration list for PBXNativeTarget "DrextTests" */ = {
			isa = XCConfigurationList;
			buildConfigurations = (
				956B1D7A1A94FC8C00E5E786 /* Debug */,
				956B1D7B1A94FC8C00E5E786 /* Release */,
			);
			defaultConfigurationIsVisible = 0;
			defaultConfigurationName = Release;
		};
/* End XCConfigurationList section */
	};
	rootObject = 956B1D4F1A94FC8C00E5E786 /* Project object */;
}
